
Microsoft Visual Studio Solution File, Format Version 12.00
# Visual Studio Version 17
VisualStudioVersion = 17.5.002.0
MinimumVisualStudioVersion = 10.0.40219.1
Project("{2150E333-8FDC-42A3-9474-1A3956D46DE8}") = "back", "back", "{9054311B-EDBE-4F1F-A2FA-9FF2AF801C60}"
EndProject
Project("{2150E333-8FDC-42A3-9474-1A3956D46DE8}") = "src", "src", "{174BC822-8613-47A8-9BA1-844ED87FF631}"
EndProject
Project("{9A19103F-16F7-4668-BE54-9A1E7A4F7556}") = "ProEventos.API", "back\src\ProEventos.API\ProEventos.API.csproj", "{B6C8F751-5911-4A07-BCFE-E48756770BEC}"
EndProject
Global
	GlobalSection(SolutionConfigurationPlatforms) = preSolution
		Debug|Any CPU = Debug|Any CPU
		Release|Any CPU = Release|Any CPU
	EndGlobalSection
	GlobalSection(ProjectConfigurationPlatforms) = postSolution
		{B6C8F751-5911-4A07-BCFE-E48756770BEC}.Debug|Any CPU.ActiveCfg = Debug|Any CPU
		{B6C8F751-5911-4A07-BCFE-E48756770BEC}.Debug|Any CPU.Build.0 = Debug|Any CPU
		{B6C8F751-5911-4A07-BCFE-E48756770BEC}.Release|Any CPU.ActiveCfg = Release|Any CPU
		{B6C8F751-5911-4A07-BCFE-E48756770BEC}.Release|Any CPU.Build.0 = Release|Any CPU
	EndGlobalSection
	GlobalSection(SolutionProperties) = preSolution
		HideSolutionNode = FALSE
	EndGlobalSection
	GlobalSection(NestedProjects) = preSolution
		{174BC822-8613-47A8-9BA1-844ED87FF631} = {9054311B-EDBE-4F1F-A2FA-9FF2AF801C60}
		{B6C8F751-5911-4A07-BCFE-E48756770BEC} = {174BC822-8613-47A8-9BA1-844ED87FF631}
	EndGlobalSection
	GlobalSection(ExtensibilityGlobals) = postSolution
		SolutionGuid = {6EE24172-55E7-43AB-BF7C-6CBC64A13C5D}
	EndGlobalSection
EndGlobal
